
Microsoft Visual Studio Solution File, Format Version 12.00
# Visual Studio Version 16
VisualStudioVersion = 16.0.31321.278
MinimumVisualStudioVersion = 10.0.40219.1
Project("{FAE04EC0-301F-11D3-BF4B-00C04F79EFBC}") = "NewRepoProject", "NewRepoProject\NewRepoProject.csproj", "{922DE052-F713-404B-A74D-2A629E5320F3}"
EndProject
Global
	GlobalSection(SolutionConfigurationPlatforms) = preSolution
		Debug|Any CPU = Debug|Any CPU
		Release|Any CPU = Release|Any CPU
	EndGlobalSection
	GlobalSection(ProjectConfigurationPlatforms) = postSolution
		{922DE052-F713-404B-A74D-2A629E5320F3}.Debug|Any CPU.ActiveCfg = Debug|Any CPU
		{922DE052-F713-404B-A74D-2A629E5320F3}.Debug|Any CPU.Build.0 = Debug|Any CPU
		{922DE052-F713-404B-A74D-2A629E5320F3}.Release|Any CPU.ActiveCfg = Release|Any CPU
		{922DE052-F713-404B-A74D-2A629E5320F3}.Release|Any CPU.Build.0 = Release|Any CPU
	EndGlobalSection
	GlobalSection(SolutionProperties) = preSolution
		HideSolutionNode = FALSE
	EndGlobalSection
	GlobalSection(ExtensibilityGlobals) = postSolution
		SolutionGuid = {61D90390-50DB-44FC-8352-9717109CA2D8}
	EndGlobalSection
EndGlobal
